// !$*UTF8*$!
{
	archiveVersion = 1;
	classes = {
	};
	objectVersion = 47;
	objects = {

/* Begin PBXBuildFile section */
		CF002F4D1BA0EB7C00E39A28 /* Main.storyboard in Resources */ = {isa = PBXBuildFile; fileRef = CFFD04431B9FEE610033059B /* Main.storyboard */; };
		CF002F4E1BA0EB8B00E39A28 /* LaunchScreen.xib in Resources */ = {isa = PBXBuildFile; fileRef = CF28160C1B9FAACC00426259 /* LaunchScreen.xib */; };
		CF2816041B9FAACC00426259 /* AppDelegate.swift in Sources */ = {isa = PBXBuildFile; fileRef = CF2816031B9FAACC00426259 /* AppDelegate.swift */; };
		CF2816061B9FAACC00426259 /* ViewController.swift in Sources */ = {isa = PBXBuildFile; fileRef = CF2816051B9FAACC00426259 /* ViewController.swift */; };
		CF28160B1B9FAACC00426259 /* Images.xcassets in Resources */ = {isa = PBXBuildFile; fileRef = CF28160A1B9FAACC00426259 /* Images.xcassets */; };
		CF28161A1B9FAACC00426259 /* SlideSnapTests.swift in Sources */ = {isa = PBXBuildFile; fileRef = CF2816191B9FAACC00426259 /* SlideSnapTests.swift */; };
		CFACD9DF1BA0EED4006767D4 /* ic_switch_photo_facing_holo_light.png in Resources */ = {isa = PBXBuildFile; fileRef = CF5F6EF11BA0E94700E555CA /* ic_switch_photo_facing_holo_light.png */; };
		CFB160971BA0F1C50095B063 /* photo-tip-shutter1.png in Resources */ = {isa = PBXBuildFile; fileRef = CFB160961BA0F1C50095B063 /* photo-tip-shutter1.png */; };
		CFB160991BA0F4650095B063 /* frontCamSwitchIcon.png in Resources */ = {isa = PBXBuildFile; fileRef = CFB160981BA0F4650095B063 /* frontCamSwitchIcon.png */; };
		CFB1609D1BA0F8E60095B063 /* Arrows-Forward-icon.png in Resources */ = {isa = PBXBuildFile; fileRef = CFB1609C1BA0F8E60095B063 /* Arrows-Forward-icon.png */; };
		CFFD043B1B9FB5040033059B /* Entitlements.plist in Resources */ = {isa = PBXBuildFile; fileRef = CFFD043A1B9FB5040033059B /* Entitlements.plist */; };
/* End PBXBuildFile section */

/* Begin PBXContainerItemProxy section */
		CF2816141B9FAACC00426259 /* PBXContainerItemProxy */ = {
			isa = PBXContainerItemProxy;
			containerPortal = CF2815F61B9FAACC00426259 /* Project object */;
			proxyType = 1;
			remoteGlobalIDString = CF2815FD1B9FAACC00426259;
			remoteInfo = SlideSnap;
		};
/* End PBXContainerItemProxy section */

/* Begin PBXFileReference section */
		CF2815FE1B9FAACC00426259 /* SlideSnap.app */ = {isa = PBXFileReference; explicitFileType = wrapper.application; includeInIndex = 0; path = SlideSnap.app; sourceTree = BUILT_PRODUCTS_DIR; };
		CF2816021B9FAACC00426259 /* Info.plist */ = {isa = PBXFileReference; lastKnownFileType = text.plist.xml; path = Info.plist; sourceTree = "<group>"; };
		CF2816031B9FAACC00426259 /* AppDelegate.swift */ = {isa = PBXFileReference; lastKnownFileType = sourcecode.swift; path = AppDelegate.swift; sourceTree = "<group>"; };
		CF2816051B9FAACC00426259 /* ViewController.swift */ = {isa = PBXFileReference; lastKnownFileType = sourcecode.swift; path = ViewController.swift; sourceTree = "<group>"; };
		CF28160A1B9FAACC00426259 /* Images.xcassets */ = {isa = PBXFileReference; lastKnownFileType = folder.assetcatalog; path = Images.xcassets; sourceTree = "<group>"; };
		CF28160D1B9FAACC00426259 /* Base */ = {isa = PBXFileReference; lastKnownFileType = file.xib; name = Base; path = Base.lproj/LaunchScreen.xib; sourceTree = "<group>"; };
		CF2816131B9FAACC00426259 /* SlideSnapTests.xctest */ = {isa = PBXFileReference; explicitFileType = wrapper.cfbundle; includeInIndex = 0; path = SlideSnapTests.xctest; sourceTree = BUILT_PRODUCTS_DIR; };
		CF2816181B9FAACC00426259 /* Info.plist */ = {isa = PBXFileReference; lastKnownFileType = text.plist.xml; path = Info.plist; sourceTree = "<group>"; };
		CF2816191B9FAACC00426259 /* SlideSnapTests.swift */ = {isa = PBXFileReference; lastKnownFileType = sourcecode.swift; path = SlideSnapTests.swift; sourceTree = "<group>"; };
		CF5F6EF11BA0E94700E555CA /* ic_switch_photo_facing_holo_light.png */ = {isa = PBXFileReference; lastKnownFileType = image.png; name = ic_switch_photo_facing_holo_light.png; path = ../../../../Downloads/ic_switch_photo_facing_holo_light.png; sourceTree = "<group>"; };
		CFB160961BA0F1C50095B063 /* photo-tip-shutter1.png */ = {isa = PBXFileReference; lastKnownFileType = image.png; name = "photo-tip-shutter1.png"; path = "../../../../Downloads/photo-tip-shutter1.png"; sourceTree = "<group>"; };
		CFB160981BA0F4650095B063 /* frontCamSwitchIcon.png */ = {isa = PBXFileReference; lastKnownFileType = image.png; name = frontCamSwitchIcon.png; path = ../../../../Downloads/frontCamSwitchIcon.png; sourceTree = "<group>"; };
		CFB1609C1BA0F8E60095B063 /* Arrows-Forward-icon.png */ = {isa = PBXFileReference; lastKnownFileType = image.png; name = "Arrows-Forward-icon.png"; path = "../../../../Downloads/Arrows-Forward-icon.png"; sourceTree = "<group>"; };
		CFFD043A1B9FB5040033059B /* Entitlements.plist */ = {isa = PBXFileReference; fileEncoding = 4; lastKnownFileType = text.plist.xml; path = Entitlements.plist; sourceTree = "<group>"; };
		CFFD04421B9FEE610033059B /* Base */ = {isa = PBXFileReference; lastKnownFileType = file.storyboard; name = Base; path = Base.lproj/Main.storyboard; sourceTree = "<group>"; };
/* End PBXFileReference section */

/* Begin PBXFrameworksBuildPhase section */
		CF2815FB1B9FAACC00426259 /* Frameworks */ = {
			isa = PBXFrameworksBuildPhase;
			buildActionMask = 2147483647;
			files = (
			);
			runOnlyForDeploymentPostprocessing = 0;
		};
		CF2816101B9FAACC00426259 /* Frameworks */ = {
			isa = PBXFrameworksBuildPhase;
			buildActionMask = 2147483647;
			files = (
			);
			runOnlyForDeploymentPostprocessing = 0;
		};
/* End PBXFrameworksBuildPhase section */

/* Begin PBXGroup section */
		CF2815F51B9FAACC00426259 = {
			isa = PBXGroup;
			children = (
				CFFD043A1B9FB5040033059B /* Entitlements.plist */,
				CF2816001B9FAACC00426259 /* SlideSnap */,
				CF2816161B9FAACC00426259 /* SlideSnapTests */,
				CF2815FF1B9FAACC00426259 /* Products */,
			);
			sourceTree = "<group>";
		};
		CF2815FF1B9FAACC00426259 /* Products */ = {
			isa = PBXGroup;
			children = (
				CF2815FE1B9FAACC00426259 /* SlideSnap.app */,
				CF2816131B9FAACC00426259 /* SlideSnapTests.xctest */,
			);
			name = Products;
			sourceTree = "<group>";
		};
		CF2816001B9FAACC00426259 /* SlideSnap */ = {
			isa = PBXGroup;
			children = (
				CF2816031B9FAACC00426259 /* AppDelegate.swift */,
				CF2816051B9FAACC00426259 /* ViewController.swift */,
				CFFD04431B9FEE610033059B /* Main.storyboard */,
				CF28160A1B9FAACC00426259 /* Images.xcassets */,
				CF28160C1B9FAACC00426259 /* LaunchScreen.xib */,
				CF2816011B9FAACC00426259 /* Supporting Files */,
			);
			path = SlideSnap;
			sourceTree = "<group>";
		};
		CF2816011B9FAACC00426259 /* Supporting Files */ = {
			isa = PBXGroup;
			children = (
				CFB1609C1BA0F8E60095B063 /* Arrows-Forward-icon.png */,
				CF5F6EF11BA0E94700E555CA /* ic_switch_photo_facing_holo_light.png */,
				CFB160961BA0F1C50095B063 /* photo-tip-shutter1.png */,
				CF2816021B9FAACC00426259 /* Info.plist */,
				CFB160981BA0F4650095B063 /* frontCamSwitchIcon.png */,
			);
			name = "Supporting Files";
			sourceTree = "<group>";
		};
		CF2816161B9FAACC00426259 /* SlideSnapTests */ = {
			isa = PBXGroup;
			children = (
				CF2816191B9FAACC00426259 /* SlideSnapTests.swift */,
				CF2816171B9FAACC00426259 /* Supporting Files */,
			);
			path = SlideSnapTests;
			sourceTree = "<group>";
		};
		CF2816171B9FAACC00426259 /* Supporting Files */ = {
			isa = PBXGroup;
			children = (
				CF2816181B9FAACC00426259 /* Info.plist */,
			);
			name = "Supporting Files";
			sourceTree = "<group>";
		};
/* End PBXGroup section */

/* Begin PBXNativeTarget section */
		CF2815FD1B9FAACC00426259 /* SlideSnap */ = {
			isa = PBXNativeTarget;
			buildConfigurationList = CF28161D1B9FAACC00426259 /* Build configuration list for PBXNativeTarget "SlideSnap" */;
			buildPhases = (
				CF2815FA1B9FAACC00426259 /* Sources */,
				CF2815FB1B9FAACC00426259 /* Frameworks */,
				CF2815FC1B9FAACC00426259 /* Resources */,
			);
			buildRules = (
			);
			dependencies = (
			);
			name = SlideSnap;
			productName = SlideSnap;
			productReference = CF2815FE1B9FAACC00426259 /* SlideSnap.app */;
			productType = "com.apple.product-type.application";
		};
		CF2816121B9FAACC00426259 /* SlideSnapTests */ = {
			isa = PBXNativeTarget;
			buildConfigurationList = CF2816201B9FAACC00426259 /* Build configuration list for PBXNativeTarget "SlideSnapTests" */;
			buildPhases = (
				CF28160F1B9FAACC00426259 /* Sources */,
				CF2816101B9FAACC00426259 /* Frameworks */,
				CF2816111B9FAACC00426259 /* Resources */,
			);
			buildRules = (
			);
			dependencies = (
				CF2816151B9FAACC00426259 /* PBXTargetDependency */,
			);
			name = SlideSnapTests;
			productName = SlideSnapTests;
			productReference = CF2816131B9FAACC00426259 /* SlideSnapTests.xctest */;
			productType = "com.apple.product-type.bundle.unit-test";
		};
/* End PBXNativeTarget section */

/* Begin PBXProject section */
		CF2815F61B9FAACC00426259 /* Project object */ = {
			isa = PBXProject;
			attributes = {
				LastSwiftMigration = 0700;
				LastSwiftUpdateCheck = 0700;
				LastUpgradeCheck = 0700;
				ORGANIZATIONNAME = "Victor do Val";
				TargetAttributes = {
					CF2815FD1B9FAACC00426259 = {
						CreatedOnToolsVersion = 6.4;
						DevelopmentTeam = W5SGPKMU68;
					};
					CF2816121B9FAACC00426259 = {
						CreatedOnToolsVersion = 6.4;
						TestTargetID = CF2815FD1B9FAACC00426259;
					};
				};
			};
			buildConfigurationList = CF2815F91B9FAACC00426259 /* Build configuration list for PBXProject "SlideSnap" */;
			compatibilityVersion = "Xcode 6.3";
			developmentRegion = English;
			hasScannedForEncodings = 0;
			knownRegions = (
				en,
				Base,
			);
			mainGroup = CF2815F51B9FAACC00426259;
			productRefGroup = CF2815FF1B9FAACC00426259 /* Products */;
			projectDirPath = "";
			projectRoot = "";
			targets = (
				CF2815FD1B9FAACC00426259 /* SlideSnap */,
				CF2816121B9FAACC00426259 /* SlideSnapTests */,
			);
		};
/* End PBXProject section */

/* Begin PBXResourcesBuildPhase section */
		CF2815FC1B9FAACC00426259 /* Resources */ = {
			isa = PBXResourcesBuildPhase;
			buildActionMask = 2147483647;
			files = (
				CFB1609D1BA0F8E60095B063 /* Arrows-Forward-icon.png in Resources */,
				CFB160971BA0F1C50095B063 /* photo-tip-shutter1.png in Resources */,
				CFACD9DF1BA0EED4006767D4 /* ic_switch_photo_facing_holo_light.png in Resources */,
				CF002F4D1BA0EB7C00E39A28 /* Main.storyboard in Resources */,
				CFFD043B1B9FB5040033059B /* Entitlements.plist in Resources */,
				CFB160991BA0F4650095B063 /* frontCamSwitchIcon.png in Resources */,
				CF002F4E1BA0EB8B00E39A28 /* LaunchScreen.xib in Resources */,
				CF28160B1B9FAACC00426259 /* Images.xcassets in Resources */,
			);
			runOnlyForDeploymentPostprocessing = 0;
		};
		CF2816111B9FAACC00426259 /* Resources */ = {
			isa = PBXResourcesBuildPhase;
			buildActionMask = 2147483647;
			files = (
			);
			runOnlyForDeploymentPostprocessing = 0;
		};
/* End PBXResourcesBuildPhase section */

/* Begin PBXSourcesBuildPhase section */
		CF2815FA1B9FAACC00426259 /* Sources */ = {
			isa = PBXSourcesBuildPhase;
			buildActionMask = 2147483647;
			files = (
				CF2816061B9FAACC00426259 /* ViewController.swift in Sources */,
				CF2816041B9FAACC00426259 /* AppDelegate.swift in Sources */,
			);
			runOnlyForDeploymentPostprocessing = 0;
		};
		CF28160F1B9FAACC00426259 /* Sources */ = {
			isa = PBXSourcesBuildPhase;
			buildActionMask = 2147483647;
			files = (
				CF28161A1B9FAACC00426259 /* SlideSnapTests.swift in Sources */,
			);
			runOnlyForDeploymentPostprocessing = 0;
		};
/* End PBXSourcesBuildPhase section */

/* Begin PBXTargetDependency section */
		CF2816151B9FAACC00426259 /* PBXTargetDependency */ = {
			isa = PBXTargetDependency;
			target = CF2815FD1B9FAACC00426259 /* SlideSnap */;
			targetProxy = CF2816141B9FAACC00426259 /* PBXContainerItemProxy */;
		};
/* End PBXTargetDependency section */

/* Begin PBXVariantGroup section */
		CF28160C1B9FAACC00426259 /* LaunchScreen.xib */ = {
			isa = PBXVariantGroup;
			children = (
				CF28160D1B9FAACC00426259 /* Base */,
			);
			name = LaunchScreen.xib;
			sourceTree = "<group>";
		};
		CFFD04431B9FEE610033059B /* Main.storyboard */ = {
			isa = PBXVariantGroup;
			children = (
				CFFD04421B9FEE610033059B /* Base */,
			);
			name = Main.storyboard;
			path = ..;
			sourceTree = "<group>";
		};
/* End PBXVariantGroup section */

/* Begin XCBuildConfiguration section */
		CF28161B1B9FAACC00426259 /* Debug */ = {
			isa = XCBuildConfiguration;
			buildSettings = {
				ALWAYS_SEARCH_USER_PATHS = NO;
				CLANG_CXX_LANGUAGE_STANDARD = "gnu++0x";
				CLANG_CXX_LIBRARY = "libc++";
				CLANG_ENABLE_MODULES = YES;
				CLANG_ENABLE_OBJC_ARC = YES;
				CLANG_WARN_BOOL_CONVERSION = YES;
				CLANG_WARN_CONSTANT_CONVERSION = YES;
				CLANG_WARN_DIRECT_OBJC_ISA_USAGE = YES_ERROR;
				CLANG_WARN_EMPTY_BODY = YES;
				CLANG_WARN_ENUM_CONVERSION = YES;
				CLANG_WARN_INT_CONVERSION = YES;
				CLANG_WARN_OBJC_ROOT_CLASS = YES_ERROR;
				CLANG_WARN_UNREACHABLE_CODE = YES;
				CLANG_WARN__DUPLICATE_METHOD_MATCH = YES;
				CODE_SIGN_ENTITLEMENTS = "";
				CODE_SIGN_IDENTITY = "iPhone Developer: vdoval@sbcglobal.net (6RHWF9B29P)";
				"CODE_SIGN_IDENTITY[sdk=iphoneos*]" = "iPhone Developer: vdoval@sbcglobal.net (6RHWF9B29P)";
				COPY_PHASE_STRIP = NO;
				DEBUG_INFORMATION_FORMAT = "dwarf-with-dsym";
				ENABLE_STRICT_OBJC_MSGSEND = YES;
				ENABLE_TESTABILITY = YES;
				GCC_C_LANGUAGE_STANDARD = gnu99;
				GCC_DYNAMIC_NO_PIC = NO;
				GCC_NO_COMMON_BLOCKS = YES;
				GCC_OPTIMIZATION_LEVEL = 0;
				GCC_PREPROCESSOR_DEFINITIONS = (
					"DEBUG=1",
					"$(inherited)",
				);
				GCC_SYMBOLS_PRIVATE_EXTERN = NO;
				GCC_WARN_64_TO_32_BIT_CONVERSION = YES;
				GCC_WARN_ABOUT_RETURN_TYPE = YES_ERROR;
				GCC_WARN_UNDECLARED_SELECTOR = YES;
				GCC_WARN_UNINITIALIZED_AUTOS = YES_AGGRESSIVE;
				GCC_WARN_UNUSED_FUNCTION = YES;
				GCC_WARN_UNUSED_VARIABLE = YES;
				IPHONEOS_DEPLOYMENT_TARGET = 8.4;
				MTL_ENABLE_DEBUG_INFO = YES;
				ONLY_ACTIVE_ARCH = YES;
				SDKROOT = iphoneos;
				SWIFT_OPTIMIZATION_LEVEL = "-Onone";
				TARGETED_DEVICE_FAMILY = "1,2";
			};
			name = Debug;
		};
		CF28161C1B9FAACC00426259 /* Release */ = {
			isa = XCBuildConfiguration;
			buildSettings = {
				ALWAYS_SEARCH_USER_PATHS = NO;
				CLANG_CXX_LANGUAGE_STANDARD = "gnu++0x";
				CLANG_CXX_LIBRARY = "libc++";
				CLANG_ENABLE_MODULES = YES;
				CLANG_ENABLE_OBJC_ARC = YES;
				CLANG_WARN_BOOL_CONVERSION = YES;
				CLANG_WARN_CONSTANT_CONVERSION = YES;
				CLANG_WARN_DIRECT_OBJC_ISA_USAGE = YES_ERROR;
				CLANG_WARN_EMPTY_BODY = YES;
				CLANG_WARN_ENUM_CONVERSION = YES;
				CLANG_WARN_INT_CONVERSION = YES;
				CLANG_WARN_OBJC_ROOT_CLASS = YES_ERROR;
				CLANG_WARN_UNREACHABLE_CODE = YES;
				CLANG_WARN__DUPLICATE_METHOD_MATCH = YES;
				CODE_SIGN_ENTITLEMENTS = "";
				CODE_SIGN_IDENTITY = "iPhone Developer: vdoval@sbcglobal.net (6RHWF9B29P)";
				"CODE_SIGN_IDENTITY[sdk=iphoneos*]" = "iPhone Developer: vdoval@sbcglobal.net (6RHWF9B29P)";
				COPY_PHASE_STRIP = NO;
				DEBUG_INFORMATION_FORMAT = "dwarf-with-dsym";
				ENABLE_NS_ASSERTIONS = NO;
				ENABLE_STRICT_OBJC_MSGSEND = YES;
				GCC_C_LANGUAGE_STANDARD = gnu99;
				GCC_NO_COMMON_BLOCKS = YES;
				GCC_WARN_64_TO_32_BIT_CONVERSION = YES;
				GCC_WARN_ABOUT_RETURN_TYPE = YES_ERROR;
				GCC_WARN_UNDECLARED_SELECTOR = YES;
				GCC_WARN_UNINITIALIZED_AUTOS = YES_AGGRESSIVE;
				GCC_WARN_UNUSED_FUNCTION = YES;
				GCC_WARN_UNUSED_VARIABLE = YES;
				IPHONEOS_DEPLOYMENT_TARGET = 8.4;
				MTL_ENABLE_DEBUG_INFO = NO;
				SDKROOT = iphoneos;
				TARGETED_DEVICE_FAMILY = "1,2";
				VALIDATE_PRODUCT = YES;
			};
			name = Release;
		};
		CF28161E1B9FAACC00426259 /* Debug */ = {
			isa = XCBuildConfiguration;
			buildSettings = {
				ASSETCATALOG_COMPILER_APPICON_NAME = AppIcon;
				CODE_SIGN_IDENTITY = "iPhone Developer";
				"CODE_SIGN_IDENTITY[sdk=iphoneos*]" = "iPhone Developer";
				INFOPLIST_FILE = SlideSnap/Info.plist;
				LD_RUNPATH_SEARCH_PATHS = "$(inherited) @executable_path/Frameworks";
				PRODUCT_BUNDLE_IDENTIFIER = "com.vdoval.$(PRODUCT_NAME:rfc1034identifier)";
				PRODUCT_NAME = "$(TARGET_NAME)";
				PROVISIONING_PROFILE = "";
				TARGETED_DEVICE_FAMILY = 1;
			};
			name = Debug;
		};
		CF28161F1B9FAACC00426259 /* Release */ = {
			isa = XCBuildConfiguration;
			buildSettings = {
				ASSETCATALOG_COMPILER_APPICON_NAME = AppIcon;
				CODE_SIGN_IDENTITY = "iPhone Developer";
				"CODE_SIGN_IDENTITY[sdk=iphoneos*]" = "iPhone Developer";
				INFOPLIST_FILE = SlideSnap/Info.plist;
				LD_RUNPATH_SEARCH_PATHS = "$(inherited) @executable_path/Frameworks";
				PRODUCT_BUNDLE_IDENTIFIER = "com.vdoval.$(PRODUCT_NAME:rfc1034identifier)";
				PRODUCT_NAME = "$(TARGET_NAME)";
				PROVISIONING_PROFILE = "";
				TARGETED_DEVICE_FAMILY = 1;
				VALIDATE_PRODUCT = NO;
			};
			name = Release;
		};
		CF2816211B9FAACC00426259 /* Debug */ = {
			isa = XCBuildConfiguration;
			buildSettings = {
				BUNDLE_LOADER = "$(TEST_HOST)";
				CODE_SIGN_ENTITLEMENTS = "";
				GCC_PREPROCESSOR_DEFINITIONS = (
					"DEBUG=1",
					"$(inherited)",
				);
				INFOPLIST_FILE = SlideSnapTests/Info.plist;
				LD_RUNPATH_SEARCH_PATHS = "$(inherited) @executable_path/Frameworks @loader_path/Frameworks";
				PRODUCT_BUNDLE_IDENTIFIER = "com.vdoval.$(PRODUCT_NAME:rfc1034identifier)";
				PRODUCT_NAME = "$(TARGET_NAME)";
				TEST_HOST = "$(BUILT_PRODUCTS_DIR)/SlideSnap.app/SlideSnap";
			};
			name = Debug;
		};
		CF2816221B9FAACC00426259 /* Release */ = {
			isa = XCBuildConfiguration;
			buildSettings = {
				BUNDLE_LOADER = "$(TEST_HOST)";
				CODE_SIGN_ENTITLEMENTS = "";
				INFOPLIST_FILE = SlideSnapTests/Info.plist;
				LD_RUNPATH_SEARCH_PATHS = "$(inherited) @executable_path/Frameworks @loader_path/Frameworks";
				PRODUCT_BUNDLE_IDENTIFIER = "com.vdoval.$(PRODUCT_NAME:rfc1034identifier)";
				PRODUCT_NAME = "$(TARGET_NAME)";
				TEST_HOST = "$(BUILT_PRODUCTS_DIR)/SlideSnap.app/SlideSnap";
			};
			name = Release;
		};
/* End XCBuildConfiguration section */

/* Begin XCConfigurationList section */
		CF2815F91B9FAACC00426259 /* Build configuration list for PBXProject "SlideSnap" */ = {
			isa = XCConfigurationList;
			buildConfigurations = (
				CF28161B1B9FAACC00426259 /* Debug */,
				CF28161C1B9FAACC00426259 /* Release */,
			);
			defaultConfigurationIsVisible = 0;
			defaultConfigurationName = Release;
		};
		CF28161D1B9FAACC00426259 /* Build configuration list for PBXNativeTarget "SlideSnap" */ = {
			isa = XCConfigurationList;
			buildConfigurations = (
				CF28161E1B9FAACC00426259 /* Debug */,
				CF28161F1B9FAACC00426259 /* Release */,
			);
			defaultConfigurationIsVisible = 0;
			defaultConfigurationName = Release;
		};
		CF2816201B9FAACC00426259 /* Build configuration list for PBXNativeTarget "SlideSnapTests" */ = {
			isa = XCConfigurationList;
			buildConfigurations = (
				CF2816211B9FAACC00426259 /* Debug */,
				CF2816221B9FAACC00426259 /* Release */,
			);
			defaultConfigurationIsVisible = 0;
			defaultConfigurationName = Release;
		};
/* End XCConfigurationList section */
	};
	rootObject = CF2815F61B9FAACC00426259 /* Project object */;
}
